
Microsoft Visual Studio Solution File, Format Version 12.00
# Visual Studio 15
VisualStudioVersion = 15.0.28307.489
MinimumVisualStudioVersion = 10.0.40219.1
Project("{FAE04EC0-301F-11D3-BF4B-00C04F79EFBC}") = "BankAbstract", "BankAbstract\BankAbstract.csproj", "{9EF507BB-150B-4883-AE51-DEC9DB1831DD}"
EndProject
Global
	GlobalSection(SolutionConfigurationPlatforms) = preSolution
		Debug|Any CPU = Debug|Any CPU
		Release|Any CPU = Release|Any CPU
	EndGlobalSection
	GlobalSection(ProjectConfigurationPlatforms) = postSolution
		{9EF507BB-150B-4883-AE51-DEC9DB1831DD}.Debug|Any CPU.ActiveCfg = Debug|Any CPU
		{9EF507BB-150B-4883-AE51-DEC9DB1831DD}.Debug|Any CPU.Build.0 = Debug|Any CPU
		{9EF507BB-150B-4883-AE51-DEC9DB1831DD}.Release|Any CPU.ActiveCfg = Release|Any CPU
		{9EF507BB-150B-4883-AE51-DEC9DB1831DD}.Release|Any CPU.Build.0 = Release|Any CPU
	EndGlobalSection
	GlobalSection(SolutionProperties) = preSolution
		HideSolutionNode = FALSE
	EndGlobalSection
	GlobalSection(ExtensibilityGlobals) = postSolution
		SolutionGuid = {B7AB9327-734B-431C-A971-A292E8EF2628}
	EndGlobalSection
EndGlobal
